<?xml version="1.0" encoding="utf-8"?>
<Project ToolsVersion="4.0" xmlns="http://schemas.microsoft.com/developer/msbuild/2003">
  <ItemGroup>
    <Filter Include="Source Files">
      <UniqueIdentifier>{4FC737F1-C7A5-4376-A066-2A32D752A2FF}</UniqueIdentifier>
      <Extensions>cpp;c;cc;cxx;def;odl;idl;hpj;bat;asm;asmx</Extensions>
    </Filter>
    <Filter Include="Header Files">
      <UniqueIdentifier>{93995380-89BD-4b04-88EB-625FBE52EBFB}</UniqueIdentifier>
      <Extensions>h;hh;hpp;hxx;hm;inl;inc;xsd</Extensions>
    </Filter>
    <Filter Include="Resource Files">
      <UniqueIdentifier>{67DA6AB6-F800-4c08-8B7A-83BB121AAD01}</UniqueIdentifier>
      <Extensions>rc;ico;cur;bmp;dlg;rc2;rct;bin;rgs;gif;jpg;jpeg;jpe;resx;tiff;tif;png;wav;mfcribbon-ms</Extensions>
    </Filter>
  </ItemGroup>
  <ItemGroup>
    <ClCompile Include="src\main.cpp">
      <Filter>Source Files</Filter>
    </ClCompile>
    <ClCompile Include="src\Game.cpp">
      <Filter>Source Files</Filter>
    </ClCompile>
    <ClCompile Include="src\XController.cpp">
      <Filter>Source Files</Filter>
    </ClCompile>
    <ClCompile Include="src\Ship.cpp">
      <Filter>Source Files</Filter>
    </ClCompile>
    <ClCompile Include="src\Player.cpp">
      <Filter>Source Files</Filter>
    </ClCompile>
    <ClCompile Include="src\Camera.cpp">
      <Filter>Source Files</Filter>
    </ClCompile>
    <ClCompile Include="src\SwarmBoid.cpp">
      <Filter>Source Files</Filter>
    </ClCompile>
    <ClCompile Include="src\Bullet.cpp">
      <Filter>Source Files</Filter>
    </ClCompile>
    <ClCompile Include="src\Missile.cpp">
      <Filter>Source Files</Filter>
    </ClCompile>
    <ClCompile Include="src\Asteroid.cpp">
      <Filter>Source Files</Filter>
    </ClCompile>
    <ClCompile Include="include\KeyInput.cpp">
      <Filter>Source Files</Filter>
    </ClCompile>
    <ClCompile Include="src\Star.cpp">
      <Filter>Source Files</Filter>
    </ClCompile>
    <ClCompile Include="src\CollisionSystem.cpp">
      <Filter>Source Files</Filter>
    </ClCompile>
    <ClCompile Include="src\TiledBackdrop.cpp">
      <Filter>Source Files</Filter>
    </ClCompile>
    <ClCompile Include="src\Pickup.cpp">
      <Filter>Source Files</Filter>
    </ClCompile>
    <ClCompile Include="src\Predator.cpp">
      <Filter>Source Files</Filter>
    </ClCompile>
    <ClCompile Include="src\Mothership.cpp">
      <Filter>Source Files</Filter>
    </ClCompile>
  </ItemGroup>
  <ItemGroup>
    <ClInclude Include="include\Game.hpp">
      <Filter>Header Files</Filter>
    </ClInclude>
    <ClInclude Include="include\XController.hpp">
      <Filter>Header Files</Filter>
    </ClInclude>
    <ClInclude Include="include\Player.hpp">
      <Filter>Header Files</Filter>
    </ClInclude>
    <ClInclude Include="include\Ship.hpp">
      <Filter>Header Files</Filter>
    </ClInclude>
    <ClInclude Include="include\Camera.hpp">
      <Filter>Header Files</Filter>
    </ClInclude>
    <ClInclude Include="include\SwarmBoid.hpp">
      <Filter>Header Files</Filter>
    </ClInclude>
    <ClInclude Include="include\Bullet.hpp">
      <Filter>Header Files</Filter>
    </ClInclude>
    <ClInclude Include="include\Missile.hpp">
      <Filter>Header Files</Filter>
    </ClInclude>
    <ClInclude Include="include\Asteroid.hpp">
      <Filter>Header Files</Filter>
    </ClInclude>
    <ClInclude Include="include\KeyInput.hpp">
      <Filter>Header Files</Filter>
    </ClInclude>
    <ClInclude Include="include\Star.hpp">
      <Filter>Header Files</Filter>
    </ClInclude>
    <ClInclude Include="include\CollisionSystem.hpp">
      <Filter>Header Files</Filter>
    </ClInclude>
    <ClInclude Include="include\TiledBackdrop.hpp">
      <Filter>Header Files</Filter>
    </ClInclude>
    <ClInclude Include="include\Pickup.hpp">
      <Filter>Header Files</Filter>
    </ClInclude>
    <ClInclude Include="include\Predator.hpp">
      <Filter>Header Files</Filter>
    </ClInclude>
    <ClInclude Include="include\Mothership.hpp">
      <Filter>Header Files</Filter>
    </ClInclude>
  </ItemGroup>
  <ItemGroup>
    <Image Include="particle.png">
      <Filter>Resource Files</Filter>
    </Image>
  </ItemGroup>
</Project>